
Microsoft Visual Studio Solution File, Format Version 12.00
# Visual Studio Version 17
Project("{2150E333-8FDC-42A3-9474-1A3956D46DE8}") = "CMakePredefinedTargets", "CMakePredefinedTargets", "{DD059C2D-05E8-3B32-B4B7-CC345665E038}"
EndProject
Project("{8BC9CEB8-8B4A-11D0-8D11-00A0C91BC942}") = "ALL_BUILD", "ALL_BUILD.vcxproj", "{226275D6-6FA1-3B0A-9B36-4A82C4330638}"
	ProjectSection(ProjectDependencies) = postProject
		{EDA6134F-BCEE-3669-B818-04B453A65386} = {EDA6134F-BCEE-3669-B818-04B453A65386}
		{BDDED727-A342-3AE1-BAC3-C1959F422ACA} = {BDDED727-A342-3AE1-BAC3-C1959F422ACA}
	EndProjectSection
EndProject
Project("{8BC9CEB8-8B4A-11D0-8D11-00A0C91BC942}") = "INSTALL", "INSTALL.vcxproj", "{9F0DC5C8-0623-34EA-B061-DF4538AB15AB}"
	ProjectSection(ProjectDependencies) = postProject
		{226275D6-6FA1-3B0A-9B36-4A82C4330638} = {226275D6-6FA1-3B0A-9B36-4A82C4330638}
		{EDA6134F-BCEE-3669-B818-04B453A65386} = {EDA6134F-BCEE-3669-B818-04B453A65386}
	EndProjectSection
EndProject
Project("{8BC9CEB8-8B4A-11D0-8D11-00A0C91BC942}") = "PACKAGE", "PACKAGE.vcxproj", "{FE1FB4F6-8D43-3C4E-ACF9-B163EA5EF734}"
	ProjectSection(ProjectDependencies) = postProject
		{226275D6-6FA1-3B0A-9B36-4A82C4330638} = {226275D6-6FA1-3B0A-9B36-4A82C4330638}
		{EDA6134F-BCEE-3669-B818-04B453A65386} = {EDA6134F-BCEE-3669-B818-04B453A65386}
	EndProjectSection
EndProject
Project("{8BC9CEB8-8B4A-11D0-8D11-00A0C91BC942}") = "RUN_TESTS", "RUN_TESTS.vcxproj", "{81C8754F-C699-32BC-A25D-C1CBAEDA4E31}"
	ProjectSection(ProjectDependencies) = postProject
		{EDA6134F-BCEE-3669-B818-04B453A65386} = {EDA6134F-BCEE-3669-B818-04B453A65386}
	EndProjectSection
EndProject
Project("{8BC9CEB8-8B4A-11D0-8D11-00A0C91BC942}") = "ZERO_CHECK", "ZERO_CHECK.vcxproj", "{EDA6134F-BCEE-3669-B818-04B453A65386}"
	ProjectSection(ProjectDependencies) = postProject
	EndProjectSection
EndProject
Project("{8BC9CEB8-8B4A-11D0-8D11-00A0C91BC942}") = "Zep", "src\Zep.vcxproj", "{BDDED727-A342-3AE1-BAC3-C1959F422ACA}"
	ProjectSection(ProjectDependencies) = postProject
		{EDA6134F-BCEE-3669-B818-04B453A65386} = {EDA6134F-BCEE-3669-B818-04B453A65386}
	EndProjectSection
EndProject
Global
	GlobalSection(SolutionConfigurationPlatforms) = preSolution
		Debug|x64 = Debug|x64
		Release|x64 = Release|x64
		MinSizeRel|x64 = MinSizeRel|x64
		RelWithDebInfo|x64 = RelWithDebInfo|x64
	EndGlobalSection
	GlobalSection(ProjectConfigurationPlatforms) = postSolution
		{226275D6-6FA1-3B0A-9B36-4A82C4330638}.Debug|x64.ActiveCfg = Debug|x64
		{226275D6-6FA1-3B0A-9B36-4A82C4330638}.Debug|x64.Build.0 = Debug|x64
		{226275D6-6FA1-3B0A-9B36-4A82C4330638}.Release|x64.ActiveCfg = Release|x64
		{226275D6-6FA1-3B0A-9B36-4A82C4330638}.Release|x64.Build.0 = Release|x64
		{226275D6-6FA1-3B0A-9B36-4A82C4330638}.MinSizeRel|x64.ActiveCfg = MinSizeRel|x64
		{226275D6-6FA1-3B0A-9B36-4A82C4330638}.MinSizeRel|x64.Build.0 = MinSizeRel|x64
		{226275D6-6FA1-3B0A-9B36-4A82C4330638}.RelWithDebInfo|x64.ActiveCfg = RelWithDebInfo|x64
		{226275D6-6FA1-3B0A-9B36-4A82C4330638}.RelWithDebInfo|x64.Build.0 = RelWithDebInfo|x64
		{9F0DC5C8-0623-34EA-B061-DF4538AB15AB}.Debug|x64.ActiveCfg = Debug|x64
		{9F0DC5C8-0623-34EA-B061-DF4538AB15AB}.Release|x64.ActiveCfg = Release|x64
		{9F0DC5C8-0623-34EA-B061-DF4538AB15AB}.MinSizeRel|x64.ActiveCfg = MinSizeRel|x64
		{9F0DC5C8-0623-34EA-B061-DF4538AB15AB}.RelWithDebInfo|x64.ActiveCfg = RelWithDebInfo|x64
		{FE1FB4F6-8D43-3C4E-ACF9-B163EA5EF734}.Debug|x64.ActiveCfg = Debug|x64
		{FE1FB4F6-8D43-3C4E-ACF9-B163EA5EF734}.Release|x64.ActiveCfg = Release|x64
		{FE1FB4F6-8D43-3C4E-ACF9-B163EA5EF734}.MinSizeRel|x64.ActiveCfg = MinSizeRel|x64
		{FE1FB4F6-8D43-3C4E-ACF9-B163EA5EF734}.RelWithDebInfo|x64.ActiveCfg = RelWithDebInfo|x64
		{81C8754F-C699-32BC-A25D-C1CBAEDA4E31}.Debug|x64.ActiveCfg = Debug|x64
		{81C8754F-C699-32BC-A25D-C1CBAEDA4E31}.Release|x64.ActiveCfg = Release|x64
		{81C8754F-C699-32BC-A25D-C1CBAEDA4E31}.MinSizeRel|x64.ActiveCfg = MinSizeRel|x64
		{81C8754F-C699-32BC-A25D-C1CBAEDA4E31}.RelWithDebInfo|x64.ActiveCfg = RelWithDebInfo|x64
		{EDA6134F-BCEE-3669-B818-04B453A65386}.Debug|x64.ActiveCfg = Debug|x64
		{EDA6134F-BCEE-3669-B818-04B453A65386}.Debug|x64.Build.0 = Debug|x64
		{EDA6134F-BCEE-3669-B818-04B453A65386}.Release|x64.ActiveCfg = Release|x64
		{EDA6134F-BCEE-3669-B818-04B453A65386}.Release|x64.Build.0 = Release|x64
		{EDA6134F-BCEE-3669-B818-04B453A65386}.MinSizeRel|x64.ActiveCfg = MinSizeRel|x64
		{EDA6134F-BCEE-3669-B818-04B453A65386}.MinSizeRel|x64.Build.0 = MinSizeRel|x64
		{EDA6134F-BCEE-3669-B818-04B453A65386}.RelWithDebInfo|x64.ActiveCfg = RelWithDebInfo|x64
		{EDA6134F-BCEE-3669-B818-04B453A65386}.RelWithDebInfo|x64.Build.0 = RelWithDebInfo|x64
		{BDDED727-A342-3AE1-BAC3-C1959F422ACA}.Debug|x64.ActiveCfg = Debug|x64
		{BDDED727-A342-3AE1-BAC3-C1959F422ACA}.Debug|x64.Build.0 = Debug|x64
		{BDDED727-A342-3AE1-BAC3-C1959F422ACA}.Release|x64.ActiveCfg = Release|x64
		{BDDED727-A342-3AE1-BAC3-C1959F422ACA}.Release|x64.Build.0 = Release|x64
		{BDDED727-A342-3AE1-BAC3-C1959F422ACA}.MinSizeRel|x64.ActiveCfg = MinSizeRel|x64
		{BDDED727-A342-3AE1-BAC3-C1959F422ACA}.MinSizeRel|x64.Build.0 = MinSizeRel|x64
		{BDDED727-A342-3AE1-BAC3-C1959F422ACA}.RelWithDebInfo|x64.ActiveCfg = RelWithDebInfo|x64
		{BDDED727-A342-3AE1-BAC3-C1959F422ACA}.RelWithDebInfo|x64.Build.0 = RelWithDebInfo|x64
	EndGlobalSection
	GlobalSection(NestedProjects) = preSolution
		{226275D6-6FA1-3B0A-9B36-4A82C4330638} = {DD059C2D-05E8-3B32-B4B7-CC345665E038}
		{9F0DC5C8-0623-34EA-B061-DF4538AB15AB} = {DD059C2D-05E8-3B32-B4B7-CC345665E038}
		{FE1FB4F6-8D43-3C4E-ACF9-B163EA5EF734} = {DD059C2D-05E8-3B32-B4B7-CC345665E038}
		{81C8754F-C699-32BC-A25D-C1CBAEDA4E31} = {DD059C2D-05E8-3B32-B4B7-CC345665E038}
		{EDA6134F-BCEE-3669-B818-04B453A65386} = {DD059C2D-05E8-3B32-B4B7-CC345665E038}
	EndGlobalSection
	GlobalSection(ExtensibilityGlobals) = postSolution
		SolutionGuid = {41890AB9-FB98-3ADD-9B5D-1FCD60C6624A}
	EndGlobalSection
	GlobalSection(ExtensibilityAddIns) = postSolution
	EndGlobalSection
EndGlobal
