<?xml version="1.0" encoding="utf-8"?>
<Project ToolsVersion="17.0" xmlns="http://schemas.microsoft.com/developer/msbuild/2003">
  <ItemGroup>
    <ClCompile Include="C:\Users\casse\github\zep\src\buffer.cpp">
      <Filter>Zep</Filter>
    </ClCompile>
    <ClCompile Include="C:\Users\casse\github\zep\src\range_markers.cpp">
      <Filter>Zep</Filter>
    </ClCompile>
    <ClCompile Include="C:\Users\casse\github\zep\src\glyph_iterator.cpp">
      <Filter>Zep</Filter>
    </ClCompile>
    <ClCompile Include="C:\Users\casse\github\zep\src\commands.cpp">
      <Filter>Zep</Filter>
    </ClCompile>
    <ClCompile Include="C:\Users\casse\github\zep\src\display.cpp">
      <Filter>Zep</Filter>
    </ClCompile>
    <ClCompile Include="C:\Users\casse\github\zep\src\editor.cpp">
      <Filter>Zep</Filter>
    </ClCompile>
    <ClCompile Include="C:\Users\casse\github\zep\src\filesystem.cpp">
      <Filter>Zep</Filter>
    </ClCompile>
    <ClCompile Include="C:\Users\casse\github\zep\src\indexer.cpp">
      <Filter>Zep</Filter>
    </ClCompile>
    <ClCompile Include="C:\Users\casse\github\zep\src\keymap.cpp">
      <Filter>Zep</Filter>
    </ClCompile>
    <ClCompile Include="C:\Users\casse\github\zep\src\line_widgets.cpp">
      <Filter>Zep</Filter>
    </ClCompile>
    <ClCompile Include="C:\Users\casse\github\zep\src\mcommon\animation\timer.cpp">
      <Filter>Zep</Filter>
    </ClCompile>
    <ClCompile Include="C:\Users\casse\github\zep\src\mcommon\string\stringutils.cpp">
      <Filter>Zep</Filter>
    </ClCompile>
    <ClCompile Include="C:\Users\casse\github\zep\src\mcommon\file\path.cpp">
      <Filter>Zep</Filter>
    </ClCompile>
    <ClCompile Include="C:\Users\casse\github\zep\src\mode.cpp">
      <Filter>Zep</Filter>
    </ClCompile>
    <ClCompile Include="C:\Users\casse\github\zep\src\mode_search.cpp">
      <Filter>Zep</Filter>
    </ClCompile>
    <ClCompile Include="C:\Users\casse\github\zep\src\mode_standard.cpp">
      <Filter>Zep</Filter>
    </ClCompile>
    <ClCompile Include="C:\Users\casse\github\zep\src\mode_tree.cpp">
      <Filter>Zep</Filter>
    </ClCompile>
    <ClCompile Include="C:\Users\casse\github\zep\src\mode_vim.cpp">
      <Filter>Zep</Filter>
    </ClCompile>
    <ClCompile Include="C:\Users\casse\github\zep\src\mode_repl.cpp">
      <Filter>Zep</Filter>
    </ClCompile>
    <ClCompile Include="C:\Users\casse\github\zep\src\regress.cpp">
      <Filter>Zep</Filter>
    </ClCompile>
    <ClCompile Include="C:\Users\casse\github\zep\src\scroller.cpp">
      <Filter>Zep</Filter>
    </ClCompile>
    <ClCompile Include="C:\Users\casse\github\zep\src\splits.cpp">
      <Filter>Zep</Filter>
    </ClCompile>
    <ClCompile Include="C:\Users\casse\github\zep\src\syntax.cpp">
      <Filter>Zep</Filter>
    </ClCompile>
    <ClCompile Include="C:\Users\casse\github\zep\src\syntax_providers.cpp">
      <Filter>Zep</Filter>
    </ClCompile>
    <ClCompile Include="C:\Users\casse\github\zep\src\syntax_rainbow_brackets.cpp">
      <Filter>Zep</Filter>
    </ClCompile>
    <ClCompile Include="C:\Users\casse\github\zep\src\syntax_tree.cpp">
      <Filter>Zep</Filter>
    </ClCompile>
    <ClCompile Include="C:\Users\casse\github\zep\src\syntax_markdown.cpp">
      <Filter>Zep</Filter>
    </ClCompile>
    <ClCompile Include="C:\Users\casse\github\zep\src\tab_window.cpp">
      <Filter>Zep</Filter>
    </ClCompile>
    <ClCompile Include="C:\Users\casse\github\zep\src\theme.cpp">
      <Filter>Zep</Filter>
    </ClCompile>
    <ClCompile Include="C:\Users\casse\github\zep\src\window.cpp">
      <Filter>Zep</Filter>
    </ClCompile>
  </ItemGroup>
  <ItemGroup>
    <ClInclude Include="C:\Users\casse\github\zep\include\zep\buffer.h">
      <Filter>Zep\include</Filter>
    </ClInclude>
    <ClInclude Include="C:\Users\casse\github\zep\include\zep\range_markers.h">
      <Filter>Zep\include</Filter>
    </ClInclude>
    <ClInclude Include="C:\Users\casse\github\zep\include\zep\glyph_iterator.h">
      <Filter>Zep\include</Filter>
    </ClInclude>
    <ClInclude Include="C:\Users\casse\github\zep\include\zep\commands.h">
      <Filter>Zep\include</Filter>
    </ClInclude>
    <ClInclude Include="C:\Users\casse\github\zep\include\zep\display.h">
      <Filter>Zep\include</Filter>
    </ClInclude>
    <ClInclude Include="C:\Users\casse\github\zep\include\zep\editor.h">
      <Filter>Zep\include</Filter>
    </ClInclude>
    <ClInclude Include="C:\Users\casse\github\zep\include\zep\filesystem.h">
      <Filter>Zep\include</Filter>
    </ClInclude>
    <ClInclude Include="C:\Users\casse\github\zep\include\zep\indexer.h">
      <Filter>Zep\include</Filter>
    </ClInclude>
    <ClInclude Include="C:\Users\casse\github\zep\include\zep\keymap.h">
      <Filter>Zep\include</Filter>
    </ClInclude>
    <ClInclude Include="C:\Users\casse\github\zep\include\zep\line_widgets.h">
      <Filter>Zep\include</Filter>
    </ClInclude>
    <ClInclude Include="C:\Users\casse\github\zep\include\zep\mcommon\animation\timer.h">
      <Filter>Zep\common</Filter>
    </ClInclude>
    <ClInclude Include="C:\Users\casse\github\zep\include\zep\mcommon\file\cpptoml.h">
      <Filter>Zep\common</Filter>
    </ClInclude>
    <ClInclude Include="C:\Users\casse\github\zep\include\zep\mcommon\file\path.h">
      <Filter>Zep\common</Filter>
    </ClInclude>
    <ClInclude Include="C:\Users\casse\github\zep\include\zep\mcommon\logger.h">
      <Filter>Zep\common</Filter>
    </ClInclude>
    <ClInclude Include="C:\Users\casse\github\zep\include\zep\mcommon\string\stringutils.h">
      <Filter>Zep\common</Filter>
    </ClInclude>
    <ClInclude Include="C:\Users\casse\github\zep\include\zep\mcommon\threadutils.h">
      <Filter>Zep\common</Filter>
    </ClInclude>
    <ClInclude Include="C:\Users\casse\github\zep\include\zep\mode.h">
      <Filter>Zep\include</Filter>
    </ClInclude>
    <ClInclude Include="C:\Users\casse\github\zep\include\zep\mode_search.h">
      <Filter>Zep\include</Filter>
    </ClInclude>
    <ClInclude Include="C:\Users\casse\github\zep\include\zep\mode_standard.h">
      <Filter>Zep\include</Filter>
    </ClInclude>
    <ClInclude Include="C:\Users\casse\github\zep\include\zep\mode_tree.h">
      <Filter>Zep\include</Filter>
    </ClInclude>
    <ClInclude Include="C:\Users\casse\github\zep\include\zep\mode_vim.h">
      <Filter>Zep\include</Filter>
    </ClInclude>
    <ClInclude Include="C:\Users\casse\github\zep\include\zep\mode_repl.h">
      <Filter>Zep\include</Filter>
    </ClInclude>
    <ClInclude Include="C:\Users\casse\github\zep\include\zep\regress.h">
      <Filter>Zep\include</Filter>
    </ClInclude>
    <ClInclude Include="C:\Users\casse\github\zep\include\zep\scroller.h">
      <Filter>Zep\include</Filter>
    </ClInclude>
    <ClInclude Include="C:\Users\casse\github\zep\include\zep\splits.h">
      <Filter>Zep\include</Filter>
    </ClInclude>
    <ClInclude Include="C:\Users\casse\github\zep\include\zep\syntax.h">
      <Filter>Zep\include</Filter>
    </ClInclude>
    <ClInclude Include="C:\Users\casse\github\zep\include\zep\syntax_providers.h">
      <Filter>Zep\include</Filter>
    </ClInclude>
    <ClInclude Include="C:\Users\casse\github\zep\include\zep\syntax_rainbow_brackets.h">
      <Filter>Zep\include</Filter>
    </ClInclude>
    <ClInclude Include="C:\Users\casse\github\zep\include\zep\syntax_tree.h">
      <Filter>Zep\include</Filter>
    </ClInclude>
    <ClInclude Include="C:\Users\casse\github\zep\include\zep\syntax_markdown.h">
      <Filter>Zep\include</Filter>
    </ClInclude>
    <ClInclude Include="C:\Users\casse\github\zep\include\zep\tab_window.h">
      <Filter>Zep\include</Filter>
    </ClInclude>
    <ClInclude Include="C:\Users\casse\github\zep\include\zep\theme.h">
      <Filter>Zep\include</Filter>
    </ClInclude>
    <ClInclude Include="C:\Users\casse\github\zep\include\zep\window.h">
      <Filter>Zep\include</Filter>
    </ClInclude>
  </ItemGroup>
  <ItemGroup>
    <CustomBuild Include="C:\Users\casse\github\zep\src\CMakeLists.txt">
      <Filter>Zep</Filter>
    </CustomBuild>
  </ItemGroup>
  <ItemGroup>
    <Filter Include="Zep">
      <UniqueIdentifier>{D7AF1E66-D4DE-3BE0-8E2D-1CE332097EA0}</UniqueIdentifier>
    </Filter>
    <Filter Include="Zep\common">
      <UniqueIdentifier>{590008DA-9A24-355B-A72F-1087434F5B45}</UniqueIdentifier>
    </Filter>
    <Filter Include="Zep\include">
      <UniqueIdentifier>{1404E665-B423-3741-A11B-88F26B118A2E}</UniqueIdentifier>
    </Filter>
  </ItemGroup>
</Project>
