<?xml version="1.0" encoding="utf-8"?>
<Project ToolsVersion="17.0" xmlns="http://schemas.microsoft.com/developer/msbuild/2003">
  <ItemGroup>
    <CustomBuild Include="C:\Users\casse\github\zep\build-win\CMakeFiles\34c18b76dcd600d19faf48302ecd73c6\RUN_TESTS_force.rule">
      <Filter>CMake Rules</Filter>
    </CustomBuild>
  </ItemGroup>
  <ItemGroup>
    <Filter Include="CMake Rules">
      <UniqueIdentifier>{63C80C75-0B70-3C24-9C4F-267FF6681F0C}</UniqueIdentifier>
    </Filter>
  </ItemGroup>
</Project>
