
Microsoft Visual Studio Solution File, Format Version 12.00
# Visual Studio Version 17
Project("{2150E333-8FDC-42A3-9474-1A3956D46DE8}") = "CMakePredefinedTargets", "CMakePredefinedTargets", "{49E4EF26-A15A-34C8-B57E-73DC2F97A0FE}"
EndProject
Project("{8BC9CEB8-8B4A-11D0-8D11-00A0C91BC942}") = "ALL_BUILD", "ALL_BUILD.vcxproj", "{87CB18A8-8D2E-3CBE-8B9F-CB8ED4DF9868}"
	ProjectSection(ProjectDependencies) = postProject
		{99AA4E93-E284-3CE6-9F7F-D30E62328FD0} = {99AA4E93-E284-3CE6-9F7F-D30E62328FD0}
		{38BFA3E4-4BED-377E-B451-683D9338E86F} = {38BFA3E4-4BED-377E-B451-683D9338E86F}
	EndProjectSection
EndProject
Project("{8BC9CEB8-8B4A-11D0-8D11-00A0C91BC942}") = "INSTALL", "INSTALL.vcxproj", "{30E7A524-EDEF-39E9-B332-7951FEFB957E}"
	ProjectSection(ProjectDependencies) = postProject
		{87CB18A8-8D2E-3CBE-8B9F-CB8ED4DF9868} = {87CB18A8-8D2E-3CBE-8B9F-CB8ED4DF9868}
		{99AA4E93-E284-3CE6-9F7F-D30E62328FD0} = {99AA4E93-E284-3CE6-9F7F-D30E62328FD0}
	EndProjectSection
EndProject
Project("{8BC9CEB8-8B4A-11D0-8D11-00A0C91BC942}") = "PACKAGE", "PACKAGE.vcxproj", "{D0E971CE-D169-3D0F-9B69-3CE973A39502}"
	ProjectSection(ProjectDependencies) = postProject
		{87CB18A8-8D2E-3CBE-8B9F-CB8ED4DF9868} = {87CB18A8-8D2E-3CBE-8B9F-CB8ED4DF9868}
		{99AA4E93-E284-3CE6-9F7F-D30E62328FD0} = {99AA4E93-E284-3CE6-9F7F-D30E62328FD0}
	EndProjectSection
EndProject
Project("{8BC9CEB8-8B4A-11D0-8D11-00A0C91BC942}") = "RUN_TESTS", "RUN_TESTS.vcxproj", "{E236A837-FDFF-3D48-A675-B9092EA1862F}"
	ProjectSection(ProjectDependencies) = postProject
		{99AA4E93-E284-3CE6-9F7F-D30E62328FD0} = {99AA4E93-E284-3CE6-9F7F-D30E62328FD0}
	EndProjectSection
EndProject
Project("{8BC9CEB8-8B4A-11D0-8D11-00A0C91BC942}") = "ZERO_CHECK", "ZERO_CHECK.vcxproj", "{99AA4E93-E284-3CE6-9F7F-D30E62328FD0}"
	ProjectSection(ProjectDependencies) = postProject
	EndProjectSection
EndProject
Project("{8BC9CEB8-8B4A-11D0-8D11-00A0C91BC942}") = "Zep", "src\Zep.vcxproj", "{38BFA3E4-4BED-377E-B451-683D9338E86F}"
	ProjectSection(ProjectDependencies) = postProject
		{99AA4E93-E284-3CE6-9F7F-D30E62328FD0} = {99AA4E93-E284-3CE6-9F7F-D30E62328FD0}
	EndProjectSection
EndProject
Global
	GlobalSection(SolutionConfigurationPlatforms) = preSolution
		Debug|x64 = Debug|x64
		Release|x64 = Release|x64
		MinSizeRel|x64 = MinSizeRel|x64
		RelWithDebInfo|x64 = RelWithDebInfo|x64
	EndGlobalSection
	GlobalSection(ProjectConfigurationPlatforms) = postSolution
		{87CB18A8-8D2E-3CBE-8B9F-CB8ED4DF9868}.Debug|x64.ActiveCfg = Debug|x64
		{87CB18A8-8D2E-3CBE-8B9F-CB8ED4DF9868}.Debug|x64.Build.0 = Debug|x64
		{87CB18A8-8D2E-3CBE-8B9F-CB8ED4DF9868}.Release|x64.ActiveCfg = Release|x64
		{87CB18A8-8D2E-3CBE-8B9F-CB8ED4DF9868}.Release|x64.Build.0 = Release|x64
		{87CB18A8-8D2E-3CBE-8B9F-CB8ED4DF9868}.MinSizeRel|x64.ActiveCfg = MinSizeRel|x64
		{87CB18A8-8D2E-3CBE-8B9F-CB8ED4DF9868}.MinSizeRel|x64.Build.0 = MinSizeRel|x64
		{87CB18A8-8D2E-3CBE-8B9F-CB8ED4DF9868}.RelWithDebInfo|x64.ActiveCfg = RelWithDebInfo|x64
		{87CB18A8-8D2E-3CBE-8B9F-CB8ED4DF9868}.RelWithDebInfo|x64.Build.0 = RelWithDebInfo|x64
		{30E7A524-EDEF-39E9-B332-7951FEFB957E}.Debug|x64.ActiveCfg = Debug|x64
		{30E7A524-EDEF-39E9-B332-7951FEFB957E}.Release|x64.ActiveCfg = Release|x64
		{30E7A524-EDEF-39E9-B332-7951FEFB957E}.MinSizeRel|x64.ActiveCfg = MinSizeRel|x64
		{30E7A524-EDEF-39E9-B332-7951FEFB957E}.RelWithDebInfo|x64.ActiveCfg = RelWithDebInfo|x64
		{D0E971CE-D169-3D0F-9B69-3CE973A39502}.Debug|x64.ActiveCfg = Debug|x64
		{D0E971CE-D169-3D0F-9B69-3CE973A39502}.Release|x64.ActiveCfg = Release|x64
		{D0E971CE-D169-3D0F-9B69-3CE973A39502}.MinSizeRel|x64.ActiveCfg = MinSizeRel|x64
		{D0E971CE-D169-3D0F-9B69-3CE973A39502}.RelWithDebInfo|x64.ActiveCfg = RelWithDebInfo|x64
		{E236A837-FDFF-3D48-A675-B9092EA1862F}.Debug|x64.ActiveCfg = Debug|x64
		{E236A837-FDFF-3D48-A675-B9092EA1862F}.Release|x64.ActiveCfg = Release|x64
		{E236A837-FDFF-3D48-A675-B9092EA1862F}.MinSizeRel|x64.ActiveCfg = MinSizeRel|x64
		{E236A837-FDFF-3D48-A675-B9092EA1862F}.RelWithDebInfo|x64.ActiveCfg = RelWithDebInfo|x64
		{99AA4E93-E284-3CE6-9F7F-D30E62328FD0}.Debug|x64.ActiveCfg = Debug|x64
		{99AA4E93-E284-3CE6-9F7F-D30E62328FD0}.Debug|x64.Build.0 = Debug|x64
		{99AA4E93-E284-3CE6-9F7F-D30E62328FD0}.Release|x64.ActiveCfg = Release|x64
		{99AA4E93-E284-3CE6-9F7F-D30E62328FD0}.Release|x64.Build.0 = Release|x64
		{99AA4E93-E284-3CE6-9F7F-D30E62328FD0}.MinSizeRel|x64.ActiveCfg = MinSizeRel|x64
		{99AA4E93-E284-3CE6-9F7F-D30E62328FD0}.MinSizeRel|x64.Build.0 = MinSizeRel|x64
		{99AA4E93-E284-3CE6-9F7F-D30E62328FD0}.RelWithDebInfo|x64.ActiveCfg = RelWithDebInfo|x64
		{99AA4E93-E284-3CE6-9F7F-D30E62328FD0}.RelWithDebInfo|x64.Build.0 = RelWithDebInfo|x64
		{38BFA3E4-4BED-377E-B451-683D9338E86F}.Debug|x64.ActiveCfg = Debug|x64
		{38BFA3E4-4BED-377E-B451-683D9338E86F}.Debug|x64.Build.0 = Debug|x64
		{38BFA3E4-4BED-377E-B451-683D9338E86F}.Release|x64.ActiveCfg = Release|x64
		{38BFA3E4-4BED-377E-B451-683D9338E86F}.Release|x64.Build.0 = Release|x64
		{38BFA3E4-4BED-377E-B451-683D9338E86F}.MinSizeRel|x64.ActiveCfg = MinSizeRel|x64
		{38BFA3E4-4BED-377E-B451-683D9338E86F}.MinSizeRel|x64.Build.0 = MinSizeRel|x64
		{38BFA3E4-4BED-377E-B451-683D9338E86F}.RelWithDebInfo|x64.ActiveCfg = RelWithDebInfo|x64
		{38BFA3E4-4BED-377E-B451-683D9338E86F}.RelWithDebInfo|x64.Build.0 = RelWithDebInfo|x64
	EndGlobalSection
	GlobalSection(NestedProjects) = preSolution
		{87CB18A8-8D2E-3CBE-8B9F-CB8ED4DF9868} = {49E4EF26-A15A-34C8-B57E-73DC2F97A0FE}
		{30E7A524-EDEF-39E9-B332-7951FEFB957E} = {49E4EF26-A15A-34C8-B57E-73DC2F97A0FE}
		{D0E971CE-D169-3D0F-9B69-3CE973A39502} = {49E4EF26-A15A-34C8-B57E-73DC2F97A0FE}
		{E236A837-FDFF-3D48-A675-B9092EA1862F} = {49E4EF26-A15A-34C8-B57E-73DC2F97A0FE}
		{99AA4E93-E284-3CE6-9F7F-D30E62328FD0} = {49E4EF26-A15A-34C8-B57E-73DC2F97A0FE}
	EndGlobalSection
	GlobalSection(ExtensibilityGlobals) = postSolution
		SolutionGuid = {1D4D8C7E-FD3B-301F-8C3C-E7584A06F785}
	EndGlobalSection
	GlobalSection(ExtensibilityAddIns) = postSolution
	EndGlobalSection
EndGlobal
