<?xml version="1.0" encoding="utf-8"?>
<Project ToolsVersion="18.0" xmlns="http://schemas.microsoft.com/developer/msbuild/2003">
  <ItemGroup>
    <CustomBuild Include="C:\Users\casse\github\pzep\CMakeFiles\2a51370e5389208edd063d04b7352882\PACKAGE_force.rule">
      <Filter>CMake Rules</Filter>
    </CustomBuild>
  </ItemGroup>
  <ItemGroup>
    <Filter Include="CMake Rules">
      <UniqueIdentifier>{4CC19D81-1310-3365-AA13-697AE54E3693}</UniqueIdentifier>
    </Filter>
    <Filter Include="Zep">
      <UniqueIdentifier>{35B926AD-2DA0-3815-9949-8ABFC7206559}</UniqueIdentifier>
    </Filter>
  </ItemGroup>
</Project>
